
Microsoft Visual Studio Solution File, Format Version 12.00
# Visual Studio Version 16
VisualStudioVersion = 16.0.30717.126
MinimumVisualStudioVersion = 10.0.40219.1
Project("{9A19103F-16F7-4668-BE54-9A1E7A4F7556}") = "BrazilianHedgeFunds.ETL", "BrazilianHedgeFunds.ETL\BrazilianHedgeFunds.ETL.csproj", "{38631B2A-0CA3-4837-B169-6084CDEADF2A}"
EndProject
Project("{9A19103F-16F7-4668-BE54-9A1E7A4F7556}") = "BrazilianHedgeFunds.API", "BrazilianHedgeFunds.API\BrazilianHedgeFunds.API.csproj", "{B24F44E8-6662-4935-8DC5-F33DDF65F0E4}"
EndProject
Project("{FAE04EC0-301F-11D3-BF4B-00C04F79EFBC}") = "BrazilianHedgeFund.API.Tests", "BrazilianHedgeFund.API.Tests\BrazilianHedgeFund.API.Tests.csproj", "{82B5ABCE-1BAE-4660-BE48-B768D7469F15}"
EndProject
Global
	GlobalSection(SolutionConfigurationPlatforms) = preSolution
		Debug|Any CPU = Debug|Any CPU
		Release|Any CPU = Release|Any CPU
	EndGlobalSection
	GlobalSection(ProjectConfigurationPlatforms) = postSolution
		{38631B2A-0CA3-4837-B169-6084CDEADF2A}.Debug|Any CPU.ActiveCfg = Debug|Any CPU
		{38631B2A-0CA3-4837-B169-6084CDEADF2A}.Debug|Any CPU.Build.0 = Debug|Any CPU
		{38631B2A-0CA3-4837-B169-6084CDEADF2A}.Release|Any CPU.ActiveCfg = Release|Any CPU
		{38631B2A-0CA3-4837-B169-6084CDEADF2A}.Release|Any CPU.Build.0 = Release|Any CPU
		{B24F44E8-6662-4935-8DC5-F33DDF65F0E4}.Debug|Any CPU.ActiveCfg = Debug|Any CPU
		{B24F44E8-6662-4935-8DC5-F33DDF65F0E4}.Debug|Any CPU.Build.0 = Debug|Any CPU
		{B24F44E8-6662-4935-8DC5-F33DDF65F0E4}.Release|Any CPU.ActiveCfg = Release|Any CPU
		{B24F44E8-6662-4935-8DC5-F33DDF65F0E4}.Release|Any CPU.Build.0 = Release|Any CPU
		{82B5ABCE-1BAE-4660-BE48-B768D7469F15}.Debug|Any CPU.ActiveCfg = Debug|Any CPU
		{82B5ABCE-1BAE-4660-BE48-B768D7469F15}.Debug|Any CPU.Build.0 = Debug|Any CPU
		{82B5ABCE-1BAE-4660-BE48-B768D7469F15}.Release|Any CPU.ActiveCfg = Release|Any CPU
		{82B5ABCE-1BAE-4660-BE48-B768D7469F15}.Release|Any CPU.Build.0 = Release|Any CPU
	EndGlobalSection
	GlobalSection(SolutionProperties) = preSolution
		HideSolutionNode = FALSE
	EndGlobalSection
	GlobalSection(ExtensibilityGlobals) = postSolution
		SolutionGuid = {D8B4ABFC-F4AE-4720-AEFA-F3423C8B749B}
	EndGlobalSection
EndGlobal
